
Microsoft Visual Studio Solution File, Format Version 12.00
# Visual Studio Version 17
VisualStudioVersion = 17.1.32407.343
MinimumVisualStudioVersion = 10.0.40219.1
Project("{FAE04EC0-301F-11D3-BF4B-00C04F79EFBC}") = "JobLessonAlgo02v01Part01", "JobLessonAlgo02v01Part01\JobLessonAlgo02v01Part01.csproj", "{CE08CCD7-9C78-4E5C-B93A-6C912C0D74B1}"
EndProject
Project("{FAE04EC0-301F-11D3-BF4B-00C04F79EFBC}") = "JobLessonAlgo02v01Part02+", "JobLessonAlgo02v01Part02+\JobLessonAlgo02v01Part02+.csproj", "{6BF4BFF7-025D-4C99-A6BE-7A82F5A9AF53}"
EndProject
Global
	GlobalSection(SolutionConfigurationPlatforms) = preSolution
		Debug|Any CPU = Debug|Any CPU
		Release|Any CPU = Release|Any CPU
	EndGlobalSection
	GlobalSection(ProjectConfigurationPlatforms) = postSolution
		{CE08CCD7-9C78-4E5C-B93A-6C912C0D74B1}.Debug|Any CPU.ActiveCfg = Debug|Any CPU
		{CE08CCD7-9C78-4E5C-B93A-6C912C0D74B1}.Debug|Any CPU.Build.0 = Debug|Any CPU
		{CE08CCD7-9C78-4E5C-B93A-6C912C0D74B1}.Release|Any CPU.ActiveCfg = Release|Any CPU
		{CE08CCD7-9C78-4E5C-B93A-6C912C0D74B1}.Release|Any CPU.Build.0 = Release|Any CPU
		{6BF4BFF7-025D-4C99-A6BE-7A82F5A9AF53}.Debug|Any CPU.ActiveCfg = Debug|Any CPU
		{6BF4BFF7-025D-4C99-A6BE-7A82F5A9AF53}.Debug|Any CPU.Build.0 = Debug|Any CPU
		{6BF4BFF7-025D-4C99-A6BE-7A82F5A9AF53}.Release|Any CPU.ActiveCfg = Release|Any CPU
		{6BF4BFF7-025D-4C99-A6BE-7A82F5A9AF53}.Release|Any CPU.Build.0 = Release|Any CPU
	EndGlobalSection
	GlobalSection(SolutionProperties) = preSolution
		HideSolutionNode = FALSE
	EndGlobalSection
	GlobalSection(ExtensibilityGlobals) = postSolution
		SolutionGuid = {1504F1CC-534B-4F8C-A002-65A3189818B7}
	EndGlobalSection
EndGlobal
